
Microsoft Visual Studio Solution File, Format Version 10.00
# Visual Studio 2008
Project("{FAE04EC0-301F-11D3-BF4B-00C04F79EFBC}") = "Closure", "Closure\Closure.csproj", "{0BA38599-F5DE-4C4D-B24E-ACB92E237067}"
EndProject
Global
	GlobalSection(SolutionConfigurationPlatforms) = preSolution
		Debug|Any CPU = Debug|Any CPU
		Release|Any CPU = Release|Any CPU
	EndGlobalSection
	GlobalSection(ProjectConfigurationPlatforms) = postSolution
		{0BA38599-F5DE-4C4D-B24E-ACB92E237067}.Debug|Any CPU.ActiveCfg = Debug|Any CPU
		{0BA38599-F5DE-4C4D-B24E-ACB92E237067}.Debug|Any CPU.Build.0 = Debug|Any CPU
		{0BA38599-F5DE-4C4D-B24E-ACB92E237067}.Release|Any CPU.ActiveCfg = Release|Any CPU
		{0BA38599-F5DE-4C4D-B24E-ACB92E237067}.Release|Any CPU.Build.0 = Release|Any CPU
	EndGlobalSection
	GlobalSection(SolutionProperties) = preSolution
		HideSolutionNode = FALSE
	EndGlobalSection
	GlobalSection(ExtensibilityGlobals) = postSolution
		BuildVersion_BuildVersioningStyle = None.None.YearDayOfYear.TimeStamp
		BuildVersion_UpdateFileVersion = False
	EndGlobalSection
EndGlobal
